
Microsoft Visual Studio Solution File, Format Version 12.00
# Visual Studio Version 16
VisualStudioVersion = 16.0.30204.135
MinimumVisualStudioVersion = 10.0.40219.1
Project("{9A19103F-16F7-4668-BE54-9A1E7A4F7556}") = "Feedback.API", "Feedback.API.csproj", "{2CF1A768-20E3-4018-A0C1-1CCD233D5189}"
EndProject
Project("{E53339B2-1760-4266-BCC7-CA923CBCF16C}") = "docker-compose", "docker-compose.dcproj", "{2EFF6EFA-6E22-4AD3-BFB6-4970967C8502}"
EndProject
Global
	GlobalSection(SolutionConfigurationPlatforms) = preSolution
		Debug|Any CPU = Debug|Any CPU
		Release|Any CPU = Release|Any CPU
	EndGlobalSection
	GlobalSection(ProjectConfigurationPlatforms) = postSolution
		{2CF1A768-20E3-4018-A0C1-1CCD233D5189}.Debug|Any CPU.ActiveCfg = Debug|Any CPU
		{2CF1A768-20E3-4018-A0C1-1CCD233D5189}.Debug|Any CPU.Build.0 = Debug|Any CPU
		{2CF1A768-20E3-4018-A0C1-1CCD233D5189}.Release|Any CPU.ActiveCfg = Release|Any CPU
		{2CF1A768-20E3-4018-A0C1-1CCD233D5189}.Release|Any CPU.Build.0 = Release|Any CPU
		{2EFF6EFA-6E22-4AD3-BFB6-4970967C8502}.Debug|Any CPU.ActiveCfg = Debug|Any CPU
		{2EFF6EFA-6E22-4AD3-BFB6-4970967C8502}.Debug|Any CPU.Build.0 = Debug|Any CPU
		{2EFF6EFA-6E22-4AD3-BFB6-4970967C8502}.Release|Any CPU.ActiveCfg = Release|Any CPU
		{2EFF6EFA-6E22-4AD3-BFB6-4970967C8502}.Release|Any CPU.Build.0 = Release|Any CPU
	EndGlobalSection
	GlobalSection(SolutionProperties) = preSolution
		HideSolutionNode = FALSE
	EndGlobalSection
	GlobalSection(ExtensibilityGlobals) = postSolution
		SolutionGuid = {E6FC927E-FD53-476C-BBAC-BA1EC71D68FF}
	EndGlobalSection
EndGlobal
